
Microsoft Visual Studio Solution File, Format Version 12.00
# Visual Studio Version 17
VisualStudioVersion = 17.4.33213.308
MinimumVisualStudioVersion = 10.0.40219.1
Project("{9A19103F-16F7-4668-BE54-9A1E7A4F7556}") = "Izhg.Lib.Http.Recording", "HttpDecodingProxy\Izhg.Lib.Http.Recording.csproj", "{629E7E70-608C-44BD-9C89-EED26A2C6546}"
EndProject
Project("{9A19103F-16F7-4668-BE54-9A1E7A4F7556}") = "ProxyForDecodingTcp", "TcpDecodingProxy\ProxyForDecodingTcp.csproj", "{E327BA1B-BC69-4B11-8213-249E66D5EC27}"
EndProject
Project("{9A19103F-16F7-4668-BE54-9A1E7A4F7556}") = "Izhg.Lib.MITM", "ProxyMITM\Izhg.Lib.MITM.csproj", "{5CF74B81-1A15-4233-A9DA-44EF897EB3E2}"
EndProject
Project("{9A19103F-16F7-4668-BE54-9A1E7A4F7556}") = "Izhg.Lib.Proxy", "ProxyLibs\Izhg.Lib.Proxy.csproj", "{E09BF8D2-01F8-4368-BD28-CD0C336385E0}"
EndProject
Project("{9A19103F-16F7-4668-BE54-9A1E7A4F7556}") = "ProxyForRecording", "ProxyForRecording\ProxyForRecording.csproj", "{778B8D77-4A3D-47CD-A94E-968192A90B24}"
EndProject
Project("{9A19103F-16F7-4668-BE54-9A1E7A4F7556}") = "ProxyServerWebGUI", "ProxyServerWebGUI\ProxyServerWebGUI.csproj", "{D14A5661-DA0D-42F5-88C2-F27543929FCE}"
EndProject
Project("{9A19103F-16F7-4668-BE54-9A1E7A4F7556}") = "Izhg.Lib.Http", "Izhg.Lib.Http\Izhg.Lib.Http.csproj", "{EB5C11DB-CD25-4324-8F35-99108F4F3889}"
EndProject
Project("{9A19103F-16F7-4668-BE54-9A1E7A4F7556}") = "Test", "Test\Test.csproj", "{3D6E7536-6330-4F54-B617-784145A5645A}"
EndProject
Project("{9A19103F-16F7-4668-BE54-9A1E7A4F7556}") = "Izhg.Lib.Networking.Pipelines", "NetworkPipelines\Izhg.Lib.Networking.Pipelines.csproj", "{91A324CF-7936-4D97-8A0A-FF2973DEFCDC}"
EndProject
Project("{9A19103F-16F7-4668-BE54-9A1E7A4F7556}") = "Izhg.Lib.Memory", "Izhg.Lib.Memory\Izhg.Lib.Memory.csproj", "{35BA41DB-0A4E-4B46-B47F-03E6FA1B67E6}"
EndProject
Project("{9A19103F-16F7-4668-BE54-9A1E7A4F7556}") = "Izhg.Lib.Logging", "IzhgLibLogging\Izhg.Lib.Logging.csproj", "{B7311202-9CF9-489B-A14E-32B7D43C58FC}"
EndProject
Project("{9A19103F-16F7-4668-BE54-9A1E7A4F7556}") = "Izhg.Lib.ExtensionsForBcl", "IzhgLibExtensionsForObject\Izhg.Lib.ExtensionsForBcl.csproj", "{51CDD62E-01BB-44E8-8CF9-27040C476F3E}"
EndProject
Project("{9A19103F-16F7-4668-BE54-9A1E7A4F7556}") = "Izhg.Lib.DevTools.Profiling", "Izhg.Lib.DevTools.Profiling\Izhg.Lib.DevTools.Profiling.csproj", "{57710A96-DA10-4D7C-A7A3-258A9D1606B8}"
EndProject
Project("{9A19103F-16F7-4668-BE54-9A1E7A4F7556}") = "Izhg.Lib.Concurrency", "Izhg.Lib.Threading\Izhg.Lib.Concurrency.csproj", "{0D0FF786-5366-4281-807B-9834204F24AA}"
EndProject
Project("{9A19103F-16F7-4668-BE54-9A1E7A4F7556}") = "Izhg.Lib.Networking", "Izhg.Lib.Networking\Izhg.Lib.Networking.csproj", "{D788E221-9A75-408B-BD4A-C29815D34A35}"
EndProject
Project("{9A19103F-16F7-4668-BE54-9A1E7A4F7556}") = "Izhg.Lib.ManagersForObjects", "Izhg.Lib.ManagersForObjects\Izhg.Lib.ManagersForObjects.csproj", "{EDB44DED-1C5A-4AA8-B8C4-127B1F0F3580}"
EndProject
Project("{9A19103F-16F7-4668-BE54-9A1E7A4F7556}") = "Izhg.Lib.Cryptography", "Izhg.Lib.Cryptography\Izhg.Lib.Cryptography.csproj", "{3A00C886-F947-45A8-A71B-F6C285831578}"
EndProject
Project("{9A19103F-16F7-4668-BE54-9A1E7A4F7556}") = "Izhg.Lib.Binary", "Izhg.Lib.Binary\Izhg.Lib.Binary.csproj", "{ED8EA0E3-3097-43E5-B635-2DE71DBD3906}"
EndProject
Project("{9A19103F-16F7-4668-BE54-9A1E7A4F7556}") = "Izhg.NetStandart21.Core", "Izhg.Core\Izhg.NetStandart21.Core.csproj", "{93503716-E5F4-45F4-BDDD-5359F612DC83}"
EndProject
Project("{9A19103F-16F7-4668-BE54-9A1E7A4F7556}") = "ProxyForDecoding", "ProxyForDecoding\ProxyForDecoding.csproj", "{C3FD5F87-A38D-40F3-BFE0-6916F5864F96}"
EndProject
Project("{9A19103F-16F7-4668-BE54-9A1E7A4F7556}") = "Izhg.Libs.Tables", "Izhg.Libs.Tables\Izhg.Libs.Tables.csproj", "{7093B221-B2EA-4609-A6A3-50E898AA6717}"
EndProject
Project("{9A19103F-16F7-4668-BE54-9A1E7A4F7556}") = "Izhg.Lib.Tables.Web", "Izhg.Lib.Tables.Web\Izhg.Lib.Tables.Web.csproj", "{28A3DC63-E849-4FAC-BEB8-AE14F49FD2DD}"
EndProject
Project("{9A19103F-16F7-4668-BE54-9A1E7A4F7556}") = "Izhg.Lib.Buffers", "Izhg.Lib.Buffers\Izhg.Lib.Buffers.csproj", "{CFEFA2E1-D31B-4796-9EEF-87343408CDF4}"
EndProject
Project("{9A19103F-16F7-4668-BE54-9A1E7A4F7556}") = "Izhg.Lib.Http.Piped", "Izhg.Lib.Http.Piped\Izhg.Lib.Http.Piped.csproj", "{C2D711D1-6D2C-4D90-AFB6-A205B44CF146}"
EndProject
Project("{9A19103F-16F7-4668-BE54-9A1E7A4F7556}") = "Izhg.Lib.Text", "Izhg.Lib.Text\Izhg.Lib.Text.csproj", "{ADE5286B-73D2-4FAE-B055-4DDC136BFBCA}"
EndProject
Project("{9A19103F-16F7-4668-BE54-9A1E7A4F7556}") = "Izhg.Lib.Collections", "Izhg.Lib.Collections\Izhg.Lib.Collections.csproj", "{F1D6CB6C-B2D6-4B7D-8FF2-240A8DB0B686}"
EndProject
Project("{9A19103F-16F7-4668-BE54-9A1E7A4F7556}") = "Izhg,Lib.Networking.DevTools", "Izhg,Lib.Networking.DevTools\Izhg,Lib.Networking.DevTools.csproj", "{BABDAFAB-1179-445A-B75B-02669266A698}"
EndProject
Project("{9A19103F-16F7-4668-BE54-9A1E7A4F7556}") = "Izhg.Lib.Streams", "Izhg.Lib.Streams\Izhg.Lib.Streams.csproj", "{C7952C83-5DB8-4303-96A6-B329F17DCDC4}"
EndProject
Project("{9A19103F-16F7-4668-BE54-9A1E7A4F7556}") = "Izhg.Lib.Streams.Piped", "Izhg.Lib.Streams.Piped\Izhg.Lib.Streams.Piped.csproj", "{738B185A-D8B7-4D66-90E2-1ADA7B00F7F1}"
EndProject
Project("{9A19103F-16F7-4668-BE54-9A1E7A4F7556}") = "Izhg.Lib.Pipelines", "Izhg.Lib.Pipelines\Izhg.Lib.Pipelines.csproj", "{4F90EEE3-FC0D-4043-A56B-B773A6D2E3FE}"
EndProject
Project("{9A19103F-16F7-4668-BE54-9A1E7A4F7556}") = "HttpRecorder", "HttpRecorder\HttpRecorder.csproj", "{CF5C9A88-7E9A-453A-B72D-224E71615D57}"
EndProject
Project("{9A19103F-16F7-4668-BE54-9A1E7A4F7556}") = "Izhg.Lib.gRPC.Servers", "Izhg.Lib.gRPC.Servers\Izhg.Lib.gRPC.Servers.csproj", "{39A7B90C-3519-49AE-BBC0-AC442311A5B8}"
EndProject
Project("{9A19103F-16F7-4668-BE54-9A1E7A4F7556}") = "Izhg.Lib.gRPC.Clients", "Izhg.Lib.gRPC.Clients\Izhg.Lib.gRPC.Clients.csproj", "{C769E847-31D4-46AD-A22F-08E87AC583CC}"
EndProject
Project("{9A19103F-16F7-4668-BE54-9A1E7A4F7556}") = "Izhg.Lib.Http.Monitoring", "Izhg.Lib.Http.Monitoring\Izhg.Lib.Http.Monitoring.csproj", "{B09807FC-95AE-4081-84BF-6CCFDA3811B7}"
EndProject
Project("{9A19103F-16F7-4668-BE54-9A1E7A4F7556}") = "Izhg.MappedFrameReader", "Izhg.MappedFrameReader\Izhg.MappedFrameReader.csproj", "{DD45EE09-98A0-4CCC-92DD-CA1319FDE9B7}"
EndProject
Project("{FAE04EC0-301F-11D3-BF4B-00C04F79EFBC}") = "Izhg.Lib.Regex", "Izhg.Lib.Regex\Izhg.Lib.Regex.csproj", "{B5B8D44E-401F-4475-BBF3-A397B437542C}"
EndProject
Global
	GlobalSection(SolutionConfigurationPlatforms) = preSolution
		Debug|Any CPU = Debug|Any CPU
		Release|Any CPU = Release|Any CPU
	EndGlobalSection
	GlobalSection(ProjectConfigurationPlatforms) = postSolution
		{629E7E70-608C-44BD-9C89-EED26A2C6546}.Debug|Any CPU.ActiveCfg = Debug|Any CPU
		{629E7E70-608C-44BD-9C89-EED26A2C6546}.Debug|Any CPU.Build.0 = Debug|Any CPU
		{629E7E70-608C-44BD-9C89-EED26A2C6546}.Release|Any CPU.ActiveCfg = Release|Any CPU
		{629E7E70-608C-44BD-9C89-EED26A2C6546}.Release|Any CPU.Build.0 = Release|Any CPU
		{E327BA1B-BC69-4B11-8213-249E66D5EC27}.Debug|Any CPU.ActiveCfg = Debug|Any CPU
		{E327BA1B-BC69-4B11-8213-249E66D5EC27}.Debug|Any CPU.Build.0 = Debug|Any CPU
		{E327BA1B-BC69-4B11-8213-249E66D5EC27}.Release|Any CPU.ActiveCfg = Release|Any CPU
		{E327BA1B-BC69-4B11-8213-249E66D5EC27}.Release|Any CPU.Build.0 = Release|Any CPU
		{5CF74B81-1A15-4233-A9DA-44EF897EB3E2}.Debug|Any CPU.ActiveCfg = Debug|Any CPU
		{5CF74B81-1A15-4233-A9DA-44EF897EB3E2}.Debug|Any CPU.Build.0 = Debug|Any CPU
		{5CF74B81-1A15-4233-A9DA-44EF897EB3E2}.Release|Any CPU.ActiveCfg = Release|Any CPU
		{5CF74B81-1A15-4233-A9DA-44EF897EB3E2}.Release|Any CPU.Build.0 = Release|Any CPU
		{E09BF8D2-01F8-4368-BD28-CD0C336385E0}.Debug|Any CPU.ActiveCfg = Debug|Any CPU
		{E09BF8D2-01F8-4368-BD28-CD0C336385E0}.Debug|Any CPU.Build.0 = Debug|Any CPU
		{E09BF8D2-01F8-4368-BD28-CD0C336385E0}.Release|Any CPU.ActiveCfg = Release|Any CPU
		{E09BF8D2-01F8-4368-BD28-CD0C336385E0}.Release|Any CPU.Build.0 = Release|Any CPU
		{778B8D77-4A3D-47CD-A94E-968192A90B24}.Debug|Any CPU.ActiveCfg = Debug|Any CPU
		{778B8D77-4A3D-47CD-A94E-968192A90B24}.Debug|Any CPU.Build.0 = Debug|Any CPU
		{778B8D77-4A3D-47CD-A94E-968192A90B24}.Release|Any CPU.ActiveCfg = Release|Any CPU
		{778B8D77-4A3D-47CD-A94E-968192A90B24}.Release|Any CPU.Build.0 = Release|Any CPU
		{D14A5661-DA0D-42F5-88C2-F27543929FCE}.Debug|Any CPU.ActiveCfg = Debug|Any CPU
		{D14A5661-DA0D-42F5-88C2-F27543929FCE}.Debug|Any CPU.Build.0 = Debug|Any CPU
		{D14A5661-DA0D-42F5-88C2-F27543929FCE}.Release|Any CPU.ActiveCfg = Release|Any CPU
		{D14A5661-DA0D-42F5-88C2-F27543929FCE}.Release|Any CPU.Build.0 = Release|Any CPU
		{EB5C11DB-CD25-4324-8F35-99108F4F3889}.Debug|Any CPU.ActiveCfg = Debug|Any CPU
		{EB5C11DB-CD25-4324-8F35-99108F4F3889}.Debug|Any CPU.Build.0 = Debug|Any CPU
		{EB5C11DB-CD25-4324-8F35-99108F4F3889}.Release|Any CPU.ActiveCfg = Release|Any CPU
		{EB5C11DB-CD25-4324-8F35-99108F4F3889}.Release|Any CPU.Build.0 = Release|Any CPU
		{3D6E7536-6330-4F54-B617-784145A5645A}.Debug|Any CPU.ActiveCfg = Debug|Any CPU
		{3D6E7536-6330-4F54-B617-784145A5645A}.Debug|Any CPU.Build.0 = Debug|Any CPU
		{3D6E7536-6330-4F54-B617-784145A5645A}.Release|Any CPU.ActiveCfg = Release|Any CPU
		{3D6E7536-6330-4F54-B617-784145A5645A}.Release|Any CPU.Build.0 = Release|Any CPU
		{91A324CF-7936-4D97-8A0A-FF2973DEFCDC}.Debug|Any CPU.ActiveCfg = Debug|Any CPU
		{91A324CF-7936-4D97-8A0A-FF2973DEFCDC}.Debug|Any CPU.Build.0 = Debug|Any CPU
		{91A324CF-7936-4D97-8A0A-FF2973DEFCDC}.Release|Any CPU.ActiveCfg = Release|Any CPU
		{91A324CF-7936-4D97-8A0A-FF2973DEFCDC}.Release|Any CPU.Build.0 = Release|Any CPU
		{35BA41DB-0A4E-4B46-B47F-03E6FA1B67E6}.Debug|Any CPU.ActiveCfg = Debug|Any CPU
		{35BA41DB-0A4E-4B46-B47F-03E6FA1B67E6}.Debug|Any CPU.Build.0 = Debug|Any CPU
		{35BA41DB-0A4E-4B46-B47F-03E6FA1B67E6}.Release|Any CPU.ActiveCfg = Release|Any CPU
		{35BA41DB-0A4E-4B46-B47F-03E6FA1B67E6}.Release|Any CPU.Build.0 = Release|Any CPU
		{B7311202-9CF9-489B-A14E-32B7D43C58FC}.Debug|Any CPU.ActiveCfg = Debug|Any CPU
		{B7311202-9CF9-489B-A14E-32B7D43C58FC}.Debug|Any CPU.Build.0 = Debug|Any CPU
		{B7311202-9CF9-489B-A14E-32B7D43C58FC}.Release|Any CPU.ActiveCfg = Release|Any CPU
		{B7311202-9CF9-489B-A14E-32B7D43C58FC}.Release|Any CPU.Build.0 = Release|Any CPU
		{51CDD62E-01BB-44E8-8CF9-27040C476F3E}.Debug|Any CPU.ActiveCfg = Debug|Any CPU
		{51CDD62E-01BB-44E8-8CF9-27040C476F3E}.Debug|Any CPU.Build.0 = Debug|Any CPU
		{51CDD62E-01BB-44E8-8CF9-27040C476F3E}.Release|Any CPU.ActiveCfg = Release|Any CPU
		{51CDD62E-01BB-44E8-8CF9-27040C476F3E}.Release|Any CPU.Build.0 = Release|Any CPU
		{57710A96-DA10-4D7C-A7A3-258A9D1606B8}.Debug|Any CPU.ActiveCfg = Debug|Any CPU
		{57710A96-DA10-4D7C-A7A3-258A9D1606B8}.Debug|Any CPU.Build.0 = Debug|Any CPU
		{57710A96-DA10-4D7C-A7A3-258A9D1606B8}.Release|Any CPU.ActiveCfg = Release|Any CPU
		{57710A96-DA10-4D7C-A7A3-258A9D1606B8}.Release|Any CPU.Build.0 = Release|Any CPU
		{0D0FF786-5366-4281-807B-9834204F24AA}.Debug|Any CPU.ActiveCfg = Debug|Any CPU
		{0D0FF786-5366-4281-807B-9834204F24AA}.Debug|Any CPU.Build.0 = Debug|Any CPU
		{0D0FF786-5366-4281-807B-9834204F24AA}.Release|Any CPU.ActiveCfg = Release|Any CPU
		{0D0FF786-5366-4281-807B-9834204F24AA}.Release|Any CPU.Build.0 = Release|Any CPU
		{D788E221-9A75-408B-BD4A-C29815D34A35}.Debug|Any CPU.ActiveCfg = Debug|Any CPU
		{D788E221-9A75-408B-BD4A-C29815D34A35}.Debug|Any CPU.Build.0 = Debug|Any CPU
		{D788E221-9A75-408B-BD4A-C29815D34A35}.Release|Any CPU.ActiveCfg = Release|Any CPU
		{D788E221-9A75-408B-BD4A-C29815D34A35}.Release|Any CPU.Build.0 = Release|Any CPU
		{EDB44DED-1C5A-4AA8-B8C4-127B1F0F3580}.Debug|Any CPU.ActiveCfg = Debug|Any CPU
		{EDB44DED-1C5A-4AA8-B8C4-127B1F0F3580}.Debug|Any CPU.Build.0 = Debug|Any CPU
		{EDB44DED-1C5A-4AA8-B8C4-127B1F0F3580}.Release|Any CPU.ActiveCfg = Release|Any CPU
		{EDB44DED-1C5A-4AA8-B8C4-127B1F0F3580}.Release|Any CPU.Build.0 = Release|Any CPU
		{3A00C886-F947-45A8-A71B-F6C285831578}.Debug|Any CPU.ActiveCfg = Debug|Any CPU
		{3A00C886-F947-45A8-A71B-F6C285831578}.Debug|Any CPU.Build.0 = Debug|Any CPU
		{3A00C886-F947-45A8-A71B-F6C285831578}.Release|Any CPU.ActiveCfg = Release|Any CPU
		{3A00C886-F947-45A8-A71B-F6C285831578}.Release|Any CPU.Build.0 = Release|Any CPU
		{ED8EA0E3-3097-43E5-B635-2DE71DBD3906}.Debug|Any CPU.ActiveCfg = Debug|Any CPU
		{ED8EA0E3-3097-43E5-B635-2DE71DBD3906}.Debug|Any CPU.Build.0 = Debug|Any CPU
		{ED8EA0E3-3097-43E5-B635-2DE71DBD3906}.Release|Any CPU.ActiveCfg = Release|Any CPU
		{ED8EA0E3-3097-43E5-B635-2DE71DBD3906}.Release|Any CPU.Build.0 = Release|Any CPU
		{93503716-E5F4-45F4-BDDD-5359F612DC83}.Debug|Any CPU.ActiveCfg = Debug|Any CPU
		{93503716-E5F4-45F4-BDDD-5359F612DC83}.Debug|Any CPU.Build.0 = Debug|Any CPU
		{93503716-E5F4-45F4-BDDD-5359F612DC83}.Release|Any CPU.ActiveCfg = Release|Any CPU
		{93503716-E5F4-45F4-BDDD-5359F612DC83}.Release|Any CPU.Build.0 = Release|Any CPU
		{C3FD5F87-A38D-40F3-BFE0-6916F5864F96}.Debug|Any CPU.ActiveCfg = Debug|Any CPU
		{C3FD5F87-A38D-40F3-BFE0-6916F5864F96}.Debug|Any CPU.Build.0 = Debug|Any CPU
		{C3FD5F87-A38D-40F3-BFE0-6916F5864F96}.Release|Any CPU.ActiveCfg = Release|Any CPU
		{C3FD5F87-A38D-40F3-BFE0-6916F5864F96}.Release|Any CPU.Build.0 = Release|Any CPU
		{7093B221-B2EA-4609-A6A3-50E898AA6717}.Debug|Any CPU.ActiveCfg = Debug|Any CPU
		{7093B221-B2EA-4609-A6A3-50E898AA6717}.Debug|Any CPU.Build.0 = Debug|Any CPU
		{7093B221-B2EA-4609-A6A3-50E898AA6717}.Release|Any CPU.ActiveCfg = Release|Any CPU
		{7093B221-B2EA-4609-A6A3-50E898AA6717}.Release|Any CPU.Build.0 = Release|Any CPU
		{28A3DC63-E849-4FAC-BEB8-AE14F49FD2DD}.Debug|Any CPU.ActiveCfg = Debug|Any CPU
		{28A3DC63-E849-4FAC-BEB8-AE14F49FD2DD}.Debug|Any CPU.Build.0 = Debug|Any CPU
		{28A3DC63-E849-4FAC-BEB8-AE14F49FD2DD}.Release|Any CPU.ActiveCfg = Release|Any CPU
		{28A3DC63-E849-4FAC-BEB8-AE14F49FD2DD}.Release|Any CPU.Build.0 = Release|Any CPU
		{CFEFA2E1-D31B-4796-9EEF-87343408CDF4}.Debug|Any CPU.ActiveCfg = Debug|Any CPU
		{CFEFA2E1-D31B-4796-9EEF-87343408CDF4}.Debug|Any CPU.Build.0 = Debug|Any CPU
		{CFEFA2E1-D31B-4796-9EEF-87343408CDF4}.Release|Any CPU.ActiveCfg = Release|Any CPU
		{CFEFA2E1-D31B-4796-9EEF-87343408CDF4}.Release|Any CPU.Build.0 = Release|Any CPU
		{C2D711D1-6D2C-4D90-AFB6-A205B44CF146}.Debug|Any CPU.ActiveCfg = Debug|Any CPU
		{C2D711D1-6D2C-4D90-AFB6-A205B44CF146}.Debug|Any CPU.Build.0 = Debug|Any CPU
		{C2D711D1-6D2C-4D90-AFB6-A205B44CF146}.Release|Any CPU.ActiveCfg = Release|Any CPU
		{C2D711D1-6D2C-4D90-AFB6-A205B44CF146}.Release|Any CPU.Build.0 = Release|Any CPU
		{ADE5286B-73D2-4FAE-B055-4DDC136BFBCA}.Debug|Any CPU.ActiveCfg = Debug|Any CPU
		{ADE5286B-73D2-4FAE-B055-4DDC136BFBCA}.Debug|Any CPU.Build.0 = Debug|Any CPU
		{ADE5286B-73D2-4FAE-B055-4DDC136BFBCA}.Release|Any CPU.ActiveCfg = Release|Any CPU
		{ADE5286B-73D2-4FAE-B055-4DDC136BFBCA}.Release|Any CPU.Build.0 = Release|Any CPU
		{F1D6CB6C-B2D6-4B7D-8FF2-240A8DB0B686}.Debug|Any CPU.ActiveCfg = Debug|Any CPU
		{F1D6CB6C-B2D6-4B7D-8FF2-240A8DB0B686}.Debug|Any CPU.Build.0 = Debug|Any CPU
		{F1D6CB6C-B2D6-4B7D-8FF2-240A8DB0B686}.Release|Any CPU.ActiveCfg = Release|Any CPU
		{F1D6CB6C-B2D6-4B7D-8FF2-240A8DB0B686}.Release|Any CPU.Build.0 = Release|Any CPU
		{BABDAFAB-1179-445A-B75B-02669266A698}.Debug|Any CPU.ActiveCfg = Debug|Any CPU
		{BABDAFAB-1179-445A-B75B-02669266A698}.Debug|Any CPU.Build.0 = Debug|Any CPU
		{BABDAFAB-1179-445A-B75B-02669266A698}.Release|Any CPU.ActiveCfg = Release|Any CPU
		{BABDAFAB-1179-445A-B75B-02669266A698}.Release|Any CPU.Build.0 = Release|Any CPU
		{C7952C83-5DB8-4303-96A6-B329F17DCDC4}.Debug|Any CPU.ActiveCfg = Debug|Any CPU
		{C7952C83-5DB8-4303-96A6-B329F17DCDC4}.Debug|Any CPU.Build.0 = Debug|Any CPU
		{C7952C83-5DB8-4303-96A6-B329F17DCDC4}.Release|Any CPU.ActiveCfg = Release|Any CPU
		{C7952C83-5DB8-4303-96A6-B329F17DCDC4}.Release|Any CPU.Build.0 = Release|Any CPU
		{738B185A-D8B7-4D66-90E2-1ADA7B00F7F1}.Debug|Any CPU.ActiveCfg = Debug|Any CPU
		{738B185A-D8B7-4D66-90E2-1ADA7B00F7F1}.Debug|Any CPU.Build.0 = Debug|Any CPU
		{738B185A-D8B7-4D66-90E2-1ADA7B00F7F1}.Release|Any CPU.ActiveCfg = Release|Any CPU
		{738B185A-D8B7-4D66-90E2-1ADA7B00F7F1}.Release|Any CPU.Build.0 = Release|Any CPU
		{4F90EEE3-FC0D-4043-A56B-B773A6D2E3FE}.Debug|Any CPU.ActiveCfg = Debug|Any CPU
		{4F90EEE3-FC0D-4043-A56B-B773A6D2E3FE}.Debug|Any CPU.Build.0 = Debug|Any CPU
		{4F90EEE3-FC0D-4043-A56B-B773A6D2E3FE}.Release|Any CPU.ActiveCfg = Release|Any CPU
		{4F90EEE3-FC0D-4043-A56B-B773A6D2E3FE}.Release|Any CPU.Build.0 = Release|Any CPU
		{CF5C9A88-7E9A-453A-B72D-224E71615D57}.Debug|Any CPU.ActiveCfg = Debug|Any CPU
		{CF5C9A88-7E9A-453A-B72D-224E71615D57}.Debug|Any CPU.Build.0 = Debug|Any CPU
		{CF5C9A88-7E9A-453A-B72D-224E71615D57}.Release|Any CPU.ActiveCfg = Release|Any CPU
		{CF5C9A88-7E9A-453A-B72D-224E71615D57}.Release|Any CPU.Build.0 = Release|Any CPU
		{39A7B90C-3519-49AE-BBC0-AC442311A5B8}.Debug|Any CPU.ActiveCfg = Debug|Any CPU
		{39A7B90C-3519-49AE-BBC0-AC442311A5B8}.Debug|Any CPU.Build.0 = Debug|Any CPU
		{39A7B90C-3519-49AE-BBC0-AC442311A5B8}.Release|Any CPU.ActiveCfg = Release|Any CPU
		{39A7B90C-3519-49AE-BBC0-AC442311A5B8}.Release|Any CPU.Build.0 = Release|Any CPU
		{C769E847-31D4-46AD-A22F-08E87AC583CC}.Debug|Any CPU.ActiveCfg = Debug|Any CPU
		{C769E847-31D4-46AD-A22F-08E87AC583CC}.Debug|Any CPU.Build.0 = Debug|Any CPU
		{C769E847-31D4-46AD-A22F-08E87AC583CC}.Release|Any CPU.ActiveCfg = Release|Any CPU
		{C769E847-31D4-46AD-A22F-08E87AC583CC}.Release|Any CPU.Build.0 = Release|Any CPU
		{B09807FC-95AE-4081-84BF-6CCFDA3811B7}.Debug|Any CPU.ActiveCfg = Debug|Any CPU
		{B09807FC-95AE-4081-84BF-6CCFDA3811B7}.Debug|Any CPU.Build.0 = Debug|Any CPU
		{B09807FC-95AE-4081-84BF-6CCFDA3811B7}.Release|Any CPU.ActiveCfg = Release|Any CPU
		{B09807FC-95AE-4081-84BF-6CCFDA3811B7}.Release|Any CPU.Build.0 = Release|Any CPU
		{DD45EE09-98A0-4CCC-92DD-CA1319FDE9B7}.Debug|Any CPU.ActiveCfg = Debug|Any CPU
		{DD45EE09-98A0-4CCC-92DD-CA1319FDE9B7}.Debug|Any CPU.Build.0 = Debug|Any CPU
		{DD45EE09-98A0-4CCC-92DD-CA1319FDE9B7}.Release|Any CPU.ActiveCfg = Release|Any CPU
		{DD45EE09-98A0-4CCC-92DD-CA1319FDE9B7}.Release|Any CPU.Build.0 = Release|Any CPU
		{B5B8D44E-401F-4475-BBF3-A397B437542C}.Debug|Any CPU.ActiveCfg = Debug|Any CPU
		{B5B8D44E-401F-4475-BBF3-A397B437542C}.Debug|Any CPU.Build.0 = Debug|Any CPU
		{B5B8D44E-401F-4475-BBF3-A397B437542C}.Release|Any CPU.ActiveCfg = Release|Any CPU
		{B5B8D44E-401F-4475-BBF3-A397B437542C}.Release|Any CPU.Build.0 = Release|Any CPU
	EndGlobalSection
	GlobalSection(SolutionProperties) = preSolution
		HideSolutionNode = FALSE
	EndGlobalSection
	GlobalSection(ExtensibilityGlobals) = postSolution
		SolutionGuid = {DAA34CFA-13CE-4305-BF5B-7248FCA5C09A}
	EndGlobalSection
EndGlobal
