
Microsoft Visual Studio Solution File, Format Version 12.00
# Visual Studio Version 17
VisualStudioVersion = 17.4.33213.308
MinimumVisualStudioVersion = 10.0.40219.1
Project("{9A19103F-16F7-4668-BE54-9A1E7A4F7556}") = "DecodingProxy", "DecodingProxy\DecodingProxy.csproj", "{8E842A52-49FE-4297-8A83-7802B5579FBC}"
EndProject
Project("{9A19103F-16F7-4668-BE54-9A1E7A4F7556}") = "HttpDecodingProxy", "HttpDecodingProxy\HttpDecodingProxy.csproj", "{629E7E70-608C-44BD-9C89-EED26A2C6546}"
EndProject
Project("{9A19103F-16F7-4668-BE54-9A1E7A4F7556}") = "TcpDecodingProxy", "TcpDecodingProxy\TcpDecodingProxy.csproj", "{E327BA1B-BC69-4B11-8213-249E66D5EC27}"
EndProject
Project("{9A19103F-16F7-4668-BE54-9A1E7A4F7556}") = "ProxyMITM", "ProxyMITM\ProxyMITM.csproj", "{5CF74B81-1A15-4233-A9DA-44EF897EB3E2}"
EndProject
Project("{9A19103F-16F7-4668-BE54-9A1E7A4F7556}") = "ProxyLibs", "ProxyLibs\ProxyLibs.csproj", "{E09BF8D2-01F8-4368-BD28-CD0C336385E0}"
EndProject
Project("{FAE04EC0-301F-11D3-BF4B-00C04F79EFBC}") = "HttpRecorder", "HttpRecorder\HttpRecorder.csproj", "{778B8D77-4A3D-47CD-A94E-968192A90B24}"
EndProject
Global
	GlobalSection(SolutionConfigurationPlatforms) = preSolution
		Debug|Any CPU = Debug|Any CPU
		Release|Any CPU = Release|Any CPU
	EndGlobalSection
	GlobalSection(ProjectConfigurationPlatforms) = postSolution
		{8E842A52-49FE-4297-8A83-7802B5579FBC}.Debug|Any CPU.ActiveCfg = Debug|Any CPU
		{8E842A52-49FE-4297-8A83-7802B5579FBC}.Debug|Any CPU.Build.0 = Debug|Any CPU
		{8E842A52-49FE-4297-8A83-7802B5579FBC}.Release|Any CPU.ActiveCfg = Release|Any CPU
		{8E842A52-49FE-4297-8A83-7802B5579FBC}.Release|Any CPU.Build.0 = Release|Any CPU
		{629E7E70-608C-44BD-9C89-EED26A2C6546}.Debug|Any CPU.ActiveCfg = Debug|Any CPU
		{629E7E70-608C-44BD-9C89-EED26A2C6546}.Debug|Any CPU.Build.0 = Debug|Any CPU
		{629E7E70-608C-44BD-9C89-EED26A2C6546}.Release|Any CPU.ActiveCfg = Release|Any CPU
		{629E7E70-608C-44BD-9C89-EED26A2C6546}.Release|Any CPU.Build.0 = Release|Any CPU
		{E327BA1B-BC69-4B11-8213-249E66D5EC27}.Debug|Any CPU.ActiveCfg = Debug|Any CPU
		{E327BA1B-BC69-4B11-8213-249E66D5EC27}.Debug|Any CPU.Build.0 = Debug|Any CPU
		{E327BA1B-BC69-4B11-8213-249E66D5EC27}.Release|Any CPU.ActiveCfg = Release|Any CPU
		{E327BA1B-BC69-4B11-8213-249E66D5EC27}.Release|Any CPU.Build.0 = Release|Any CPU
		{5CF74B81-1A15-4233-A9DA-44EF897EB3E2}.Debug|Any CPU.ActiveCfg = Debug|Any CPU
		{5CF74B81-1A15-4233-A9DA-44EF897EB3E2}.Debug|Any CPU.Build.0 = Debug|Any CPU
		{5CF74B81-1A15-4233-A9DA-44EF897EB3E2}.Release|Any CPU.ActiveCfg = Release|Any CPU
		{5CF74B81-1A15-4233-A9DA-44EF897EB3E2}.Release|Any CPU.Build.0 = Release|Any CPU
		{E09BF8D2-01F8-4368-BD28-CD0C336385E0}.Debug|Any CPU.ActiveCfg = Debug|Any CPU
		{E09BF8D2-01F8-4368-BD28-CD0C336385E0}.Debug|Any CPU.Build.0 = Debug|Any CPU
		{E09BF8D2-01F8-4368-BD28-CD0C336385E0}.Release|Any CPU.ActiveCfg = Release|Any CPU
		{E09BF8D2-01F8-4368-BD28-CD0C336385E0}.Release|Any CPU.Build.0 = Release|Any CPU
		{778B8D77-4A3D-47CD-A94E-968192A90B24}.Debug|Any CPU.ActiveCfg = Debug|Any CPU
		{778B8D77-4A3D-47CD-A94E-968192A90B24}.Debug|Any CPU.Build.0 = Debug|Any CPU
		{778B8D77-4A3D-47CD-A94E-968192A90B24}.Release|Any CPU.ActiveCfg = Release|Any CPU
		{778B8D77-4A3D-47CD-A94E-968192A90B24}.Release|Any CPU.Build.0 = Release|Any CPU
	EndGlobalSection
	GlobalSection(SolutionProperties) = preSolution
		HideSolutionNode = FALSE
	EndGlobalSection
	GlobalSection(ExtensibilityGlobals) = postSolution
		SolutionGuid = {DAA34CFA-13CE-4305-BF5B-7248FCA5C09A}
	EndGlobalSection
EndGlobal
